
Microsoft Visual Studio Solution File, Format Version 12.00
# Visual Studio Version 17
VisualStudioVersion = 17.6.33815.320
MinimumVisualStudioVersion = 10.0.40219.1
Project("{FAE04EC0-301F-11D3-BF4B-00C04F79EFBC}") = "C#_HW_modul_05", "C#_HW_modul_05\C#_HW_modul_05.csproj", "{63A247A7-01C3-42BF-9E36-BB37F420BD1A}"
EndProject
Global
	GlobalSection(SolutionConfigurationPlatforms) = preSolution
		Debug|Any CPU = Debug|Any CPU
		Release|Any CPU = Release|Any CPU
	EndGlobalSection
	GlobalSection(ProjectConfigurationPlatforms) = postSolution
		{63A247A7-01C3-42BF-9E36-BB37F420BD1A}.Debug|Any CPU.ActiveCfg = Debug|Any CPU
		{63A247A7-01C3-42BF-9E36-BB37F420BD1A}.Debug|Any CPU.Build.0 = Debug|Any CPU
		{63A247A7-01C3-42BF-9E36-BB37F420BD1A}.Release|Any CPU.ActiveCfg = Release|Any CPU
		{63A247A7-01C3-42BF-9E36-BB37F420BD1A}.Release|Any CPU.Build.0 = Release|Any CPU
	EndGlobalSection
	GlobalSection(SolutionProperties) = preSolution
		HideSolutionNode = FALSE
	EndGlobalSection
	GlobalSection(ExtensibilityGlobals) = postSolution
		SolutionGuid = {E4A61967-1A7C-4FDD-911F-E4C5E8D5CCAB}
	EndGlobalSection
EndGlobal
